
Microsoft Visual Studio Solution File, Format Version 12.00
# Visual Studio 14
VisualStudioVersion = 14.0.25420.1
MinimumVisualStudioVersion = 10.0.40219.1
Project("{FAE04EC0-301F-11D3-BF4B-00C04F79EFBC}") = "FarCry5SaveManager", "FarCry5SaveManager\FarCry5SaveManager.csproj", "{E914CC16-9DC8-420B-9588-91680DD02F88}"
EndProject
Project("{54435603-DBB4-11D2-8724-00A0C9A8B90C}") = "SetupFC5SM", "SetupFC5SM\SetupFC5SM.vdproj", "{8EC153F9-3F6A-472D-B6EA-0CAD013A2D79}"
EndProject
Global
	GlobalSection(SolutionConfigurationPlatforms) = preSolution
		CD_ROM|Any CPU = CD_ROM|Any CPU
		Debug|Any CPU = Debug|Any CPU
		DVD-5|Any CPU = DVD-5|Any CPU
		Release|Any CPU = Release|Any CPU
		SingleImage|Any CPU = SingleImage|Any CPU
	EndGlobalSection
	GlobalSection(ProjectConfigurationPlatforms) = postSolution
		{E914CC16-9DC8-420B-9588-91680DD02F88}.CD_ROM|Any CPU.ActiveCfg = Release|Any CPU
		{E914CC16-9DC8-420B-9588-91680DD02F88}.CD_ROM|Any CPU.Build.0 = Release|Any CPU
		{E914CC16-9DC8-420B-9588-91680DD02F88}.Debug|Any CPU.ActiveCfg = Debug|Any CPU
		{E914CC16-9DC8-420B-9588-91680DD02F88}.Debug|Any CPU.Build.0 = Debug|Any CPU
		{E914CC16-9DC8-420B-9588-91680DD02F88}.DVD-5|Any CPU.ActiveCfg = Debug|Any CPU
		{E914CC16-9DC8-420B-9588-91680DD02F88}.DVD-5|Any CPU.Build.0 = Debug|Any CPU
		{E914CC16-9DC8-420B-9588-91680DD02F88}.Release|Any CPU.ActiveCfg = Release|Any CPU
		{E914CC16-9DC8-420B-9588-91680DD02F88}.Release|Any CPU.Build.0 = Release|Any CPU
		{E914CC16-9DC8-420B-9588-91680DD02F88}.SingleImage|Any CPU.ActiveCfg = Release|Any CPU
		{E914CC16-9DC8-420B-9588-91680DD02F88}.SingleImage|Any CPU.Build.0 = Release|Any CPU
		{8EC153F9-3F6A-472D-B6EA-0CAD013A2D79}.CD_ROM|Any CPU.ActiveCfg = Release
		{8EC153F9-3F6A-472D-B6EA-0CAD013A2D79}.Debug|Any CPU.ActiveCfg = Debug
		{8EC153F9-3F6A-472D-B6EA-0CAD013A2D79}.DVD-5|Any CPU.ActiveCfg = Debug
		{8EC153F9-3F6A-472D-B6EA-0CAD013A2D79}.Release|Any CPU.ActiveCfg = Release
		{8EC153F9-3F6A-472D-B6EA-0CAD013A2D79}.SingleImage|Any CPU.ActiveCfg = Release
	EndGlobalSection
	GlobalSection(SolutionProperties) = preSolution
		HideSolutionNode = FALSE
	EndGlobalSection
EndGlobal
